
Microsoft Visual Studio Solution File, Format Version 12.00
# Visual Studio Version 16
VisualStudioVersion = 16.0.29926.136
MinimumVisualStudioVersion = 10.0.40219.1
Project("{9A19103F-16F7-4668-BE54-9A1E7A4F7556}") = "IMapToSlack.Cmd", "src\IMapToSlack.Cmd\IMapToSlack.Cmd.csproj", "{AB01FD70-7F65-4F9F-987B-9C0AE5BC0836}"
EndProject
Project("{9A19103F-16F7-4668-BE54-9A1E7A4F7556}") = "IMapToSlack.Core.Tests", "tests\IMapToSlack.Core.Tests\IMapToSlack.Core.Tests.csproj", "{A107CFC9-CFB9-4D64-9875-1EAC1928BCE1}"
EndProject
Project("{2150E333-8FDC-42A3-9474-1A3956D46DE8}") = "Libs", "Libs", "{47C1EF69-6BFB-423E-95D5-16182A85D1C5}"
EndProject
Project("{2150E333-8FDC-42A3-9474-1A3956D46DE8}") = "Tests", "Tests", "{6090C50D-DA7D-46B1-9F83-527232192392}"
EndProject
Project("{9A19103F-16F7-4668-BE54-9A1E7A4F7556}") = "IMapToSlack.Core", "src\IMapToSlack.Core\IMapToSlack.Core.csproj", "{9AE4CFE5-958A-4DBF-9D14-3326A7AB7098}"
EndProject
Project("{2150E333-8FDC-42A3-9474-1A3956D46DE8}") = "Solution Items", "Solution Items", "{7CC6A45F-D718-4C37-A8FA-CF56C9BA312C}"
	ProjectSection(SolutionItems) = preProject
		.editorconfig = .editorconfig
	EndProjectSection
EndProject
Global
	GlobalSection(SolutionConfigurationPlatforms) = preSolution
		Debug|Any CPU = Debug|Any CPU
		Release|Any CPU = Release|Any CPU
	EndGlobalSection
	GlobalSection(ProjectConfigurationPlatforms) = postSolution
		{AB01FD70-7F65-4F9F-987B-9C0AE5BC0836}.Debug|Any CPU.ActiveCfg = Debug|Any CPU
		{AB01FD70-7F65-4F9F-987B-9C0AE5BC0836}.Debug|Any CPU.Build.0 = Debug|Any CPU
		{AB01FD70-7F65-4F9F-987B-9C0AE5BC0836}.Release|Any CPU.ActiveCfg = Release|Any CPU
		{AB01FD70-7F65-4F9F-987B-9C0AE5BC0836}.Release|Any CPU.Build.0 = Release|Any CPU
		{A107CFC9-CFB9-4D64-9875-1EAC1928BCE1}.Debug|Any CPU.ActiveCfg = Debug|Any CPU
		{A107CFC9-CFB9-4D64-9875-1EAC1928BCE1}.Debug|Any CPU.Build.0 = Debug|Any CPU
		{A107CFC9-CFB9-4D64-9875-1EAC1928BCE1}.Release|Any CPU.ActiveCfg = Release|Any CPU
		{A107CFC9-CFB9-4D64-9875-1EAC1928BCE1}.Release|Any CPU.Build.0 = Release|Any CPU
		{9AE4CFE5-958A-4DBF-9D14-3326A7AB7098}.Debug|Any CPU.ActiveCfg = Debug|Any CPU
		{9AE4CFE5-958A-4DBF-9D14-3326A7AB7098}.Debug|Any CPU.Build.0 = Debug|Any CPU
		{9AE4CFE5-958A-4DBF-9D14-3326A7AB7098}.Release|Any CPU.ActiveCfg = Release|Any CPU
		{9AE4CFE5-958A-4DBF-9D14-3326A7AB7098}.Release|Any CPU.Build.0 = Release|Any CPU
	EndGlobalSection
	GlobalSection(SolutionProperties) = preSolution
		HideSolutionNode = FALSE
	EndGlobalSection
	GlobalSection(NestedProjects) = preSolution
		{A107CFC9-CFB9-4D64-9875-1EAC1928BCE1} = {6090C50D-DA7D-46B1-9F83-527232192392}
		{9AE4CFE5-958A-4DBF-9D14-3326A7AB7098} = {47C1EF69-6BFB-423E-95D5-16182A85D1C5}
	EndGlobalSection
	GlobalSection(ExtensibilityGlobals) = postSolution
		SolutionGuid = {B7A59F0F-82B6-4C18-9AC9-0062131712F4}
	EndGlobalSection
EndGlobal
